
Microsoft Visual Studio Solution File, Format Version 12.00
# Visual Studio Version 17
VisualStudioVersion = 17.14.36310.24 d17.14
MinimumVisualStudioVersion = 10.0.40219.1
Project("{FAE04EC0-301F-11D3-BF4B-00C04F79EFBC}") = "P1-AP1-JuanGuillen", "P1-AP1-JuanGuillen.csproj", "{DFAFDBAC-3882-4E96-BC4C-060558DFA35A}"
EndProject
Global
	GlobalSection(SolutionConfigurationPlatforms) = preSolution
		Debug|Any CPU = Debug|Any CPU
		Release|Any CPU = Release|Any CPU
	EndGlobalSection
	GlobalSection(ProjectConfigurationPlatforms) = postSolution
		{DFAFDBAC-3882-4E96-BC4C-060558DFA35A}.Debug|Any CPU.ActiveCfg = Debug|Any CPU
		{DFAFDBAC-3882-4E96-BC4C-060558DFA35A}.Debug|Any CPU.Build.0 = Debug|Any CPU
		{DFAFDBAC-3882-4E96-BC4C-060558DFA35A}.Release|Any CPU.ActiveCfg = Release|Any CPU
		{DFAFDBAC-3882-4E96-BC4C-060558DFA35A}.Release|Any CPU.Build.0 = Release|Any CPU
	EndGlobalSection
	GlobalSection(SolutionProperties) = preSolution
		HideSolutionNode = FALSE
	EndGlobalSection
	GlobalSection(ExtensibilityGlobals) = postSolution
		SolutionGuid = {9C466A00-945E-4EB3-A219-EB0181EE9640}
	EndGlobalSection
EndGlobal
